Microsoft Visual Studio Solution File, Format Version 12.00
# Visual Studio Version 17
VisualStudioVersion = 17.4.33403.182
MinimumVisualStudioVersion = 10.0.40219.1
Project("{8BC9CEB8-8B4A-11D0-8D11-00A0C91BC942}") = "libffi_static", "Ffi_staticLib.vcxproj", "{115502C0-BE05-4767-BF19-5C87D805FAD6}"
EndProject
Global
	GlobalSection(SolutionConfigurationPlatforms) = preSolution
		MD|ARM64 = MD|ARM64
		MD|x64 = MD|x64
		MD|x86 = MD|x86
		MDd|ARM64 = MDd|ARM64
		MDd|x64 = MDd|x64
		MDd|x86 = MDd|x86
		MT|ARM64 = MT|ARM64
		MT|x64 = MT|x64
		MT|x86 = MT|x86
		MTd|ARM64 = MTd|ARM64
		MTd|x64 = MTd|x64
		MTd|x86 = MTd|x86
	EndGlobalSection
	GlobalSection(ProjectConfigurationPlatforms) = postSolution
		{115502C0-BE05-4767-BF19-5C87D805FAD6}.MD|ARM64.ActiveCfg = MD|ARM64
		{115502C0-BE05-4767-BF19-5C87D805FAD6}.MD|ARM64.Build.0 = MD|ARM64
		{115502C0-BE05-4767-BF19-5C87D805FAD6}.MD|x64.ActiveCfg = MD|x64
		{115502C0-BE05-4767-BF19-5C87D805FAD6}.MD|x64.Build.0 = MD|x64
		{115502C0-BE05-4767-BF19-5C87D805FAD6}.MD|x86.ActiveCfg = MD|Win32
		{115502C0-BE05-4767-BF19-5C87D805FAD6}.MD|x86.Build.0 = MD|Win32
		{115502C0-BE05-4767-BF19-5C87D805FAD6}.MDd|ARM64.ActiveCfg = MDd|ARM64
		{115502C0-BE05-4767-BF19-5C87D805FAD6}.MDd|ARM64.Build.0 = MDd|ARM64
		{115502C0-BE05-4767-BF19-5C87D805FAD6}.MDd|x64.ActiveCfg = MDd|x64
		{115502C0-BE05-4767-BF19-5C87D805FAD6}.MDd|x64.Build.0 = MDd|x64
		{115502C0-BE05-4767-BF19-5C87D805FAD6}.MDd|x86.ActiveCfg = MDd|Win32
		{115502C0-BE05-4767-BF19-5C87D805FAD6}.MDd|x86.Build.0 = MDd|Win32
		{115502C0-BE05-4767-BF19-5C87D805FAD6}.MT|ARM64.ActiveCfg = MT|ARM64
		{115502C0-BE05-4767-BF19-5C87D805FAD6}.MT|ARM64.Build.0 = MT|ARM64
		{115502C0-BE05-4767-BF19-5C87D805FAD6}.MT|x64.ActiveCfg = MT|x64
		{115502C0-BE05-4767-BF19-5C87D805FAD6}.MT|x64.Build.0 = MT|x64
		{115502C0-BE05-4767-BF19-5C87D805FAD6}.MT|x86.ActiveCfg = MT|Win32
		{115502C0-BE05-4767-BF19-5C87D805FAD6}.MT|x86.Build.0 = MT|Win32
		{115502C0-BE05-4767-BF19-5C87D805FAD6}.MTd|ARM64.ActiveCfg = MTd|ARM64
		{115502C0-BE05-4767-BF19-5C87D805FAD6}.MTd|ARM64.Build.0 = MTd|ARM64
		{115502C0-BE05-4767-BF19-5C87D805FAD6}.MTd|x64.ActiveCfg = MTd|x64
		{115502C0-BE05-4767-BF19-5C87D805FAD6}.MTd|x64.Build.0 = MTd|x64
		{115502C0-BE05-4767-BF19-5C87D805FAD6}.MTd|x86.ActiveCfg = MTd|Win32
		{115502C0-BE05-4767-BF19-5C87D805FAD6}.MTd|x86.Build.0 = MTd|Win32
	EndGlobalSection
	GlobalSection(SolutionProperties) = preSolution
		HideSolutionNode = FALSE
	EndGlobalSection
	GlobalSection(ExtensibilityGlobals) = postSolution
		SolutionGuid = {241C54C7-20DD-4897-9376-E6B6D1B43BD5}
	EndGlobalSection
EndGlobal
